
Microsoft Visual Studio Solution File, Format Version 12.00
# Visual Studio Version 17
VisualStudioVersion = 17.3.32804.467
MinimumVisualStudioVersion = 10.0.40219.1
Project("{FAE04EC0-301F-11D3-BF4B-00C04F79EFBC}") = "KuanfiKanjiWeb", "KuanfiKanjiWeb\KuanfiKanjiWeb.csproj", "{18BEC23E-6B67-4982-9EBA-8DB1BC7B989C}"
EndProject
Global
	GlobalSection(SolutionConfigurationPlatforms) = preSolution
		Debug|Any CPU = Debug|Any CPU
		Release|Any CPU = Release|Any CPU
	EndGlobalSection
	GlobalSection(ProjectConfigurationPlatforms) = postSolution
		{18BEC23E-6B67-4982-9EBA-8DB1BC7B989C}.Debug|Any CPU.ActiveCfg = Debug|Any CPU
		{18BEC23E-6B67-4982-9EBA-8DB1BC7B989C}.Debug|Any CPU.Build.0 = Debug|Any CPU
		{18BEC23E-6B67-4982-9EBA-8DB1BC7B989C}.Release|Any CPU.ActiveCfg = Release|Any CPU
		{18BEC23E-6B67-4982-9EBA-8DB1BC7B989C}.Release|Any CPU.Build.0 = Release|Any CPU
	EndGlobalSection
	GlobalSection(SolutionProperties) = preSolution
		HideSolutionNode = FALSE
	EndGlobalSection
	GlobalSection(ExtensibilityGlobals) = postSolution
		SolutionGuid = {1583A365-0D30-4EE6-96FA-04BA51E989B1}
	EndGlobalSection
EndGlobal
